<?xml version="1.0" encoding="utf-8"?>
<Project ToolsVersion="4.0" xmlns="http://schemas.microsoft.com/developer/msbuild/2003">
  <ItemGroup>
    <ClCompile Include="main.cpp" />
    <ClCompile Include="GFHOG.cpp">
      <Filter>Source Files</Filter>
    </ClCompile>
    <ClCompile Include="HogDetect.cpp">
      <Filter>Source Files</Filter>
    </ClCompile>
  </ItemGroup>
  <ItemGroup>
    <ClInclude Include="GFHOG.h">
      <Filter>Header Files</Filter>
    </ClInclude>
    <ClInclude Include="HogDetect.h">
      <Filter>Header Files</Filter>
    </ClInclude>
  </ItemGroup>
  <ItemGroup>
    <None Include="Makefile.make" />
    <None Include="ReadMe.txt" />
  </ItemGroup>
  <ItemGroup>
    <Filter Include="Header Files">
      <UniqueIdentifier>{4c1fa5c3-c26e-41cd-b793-e865e818ffaa}</UniqueIdentifier>
    </Filter>
    <Filter Include="Source Files">
      <UniqueIdentifier>{0df7a87c-56de-4718-9f3c-33f42f6c39fb}</UniqueIdentifier>
    </Filter>
  </ItemGroup>
</Project>